
Microsoft Visual Studio Solution File, Format Version 12.00
# Visual Studio Version 16
VisualStudioVersion = 16.0.31424.327
MinimumVisualStudioVersion = 10.0.40219.1
Project("{FAE04EC0-301F-11D3-BF4B-00C04F79EFBC}") = "cs_Udp_Server", "cs_Udp_Server\cs_Udp_Server.csproj", "{6E91DC67-A839-468B-99E1-307925151501}"
EndProject
Project("{FAE04EC0-301F-11D3-BF4B-00C04F79EFBC}") = "cs_Udp_Client", "cs_Udp_Client\cs_Udp_Client.csproj", "{C321CECC-081E-41CC-A0AE-D64382172571}"
EndProject
Project("{FAE04EC0-301F-11D3-BF4B-00C04F79EFBC}") = "cs_TcpListener", "cs_TcpListener\cs_TcpListener.csproj", "{E4469E34-800B-4268-B63B-3C62A460E0B2}"
EndProject
Project("{FAE04EC0-301F-11D3-BF4B-00C04F79EFBC}") = "cs_TcpClient", "cs_TcpClient\cs_TcpClient.csproj", "{2C7C5217-516B-4FCD-9B9D-7A069D8460B3}"
EndProject
Global
	GlobalSection(SolutionConfigurationPlatforms) = preSolution
		Debug|Any CPU = Debug|Any CPU
		Release|Any CPU = Release|Any CPU
	EndGlobalSection
	GlobalSection(ProjectConfigurationPlatforms) = postSolution
		{6E91DC67-A839-468B-99E1-307925151501}.Debug|Any CPU.ActiveCfg = Debug|Any CPU
		{6E91DC67-A839-468B-99E1-307925151501}.Debug|Any CPU.Build.0 = Debug|Any CPU
		{6E91DC67-A839-468B-99E1-307925151501}.Release|Any CPU.ActiveCfg = Release|Any CPU
		{6E91DC67-A839-468B-99E1-307925151501}.Release|Any CPU.Build.0 = Release|Any CPU
		{C321CECC-081E-41CC-A0AE-D64382172571}.Debug|Any CPU.ActiveCfg = Debug|Any CPU
		{C321CECC-081E-41CC-A0AE-D64382172571}.Debug|Any CPU.Build.0 = Debug|Any CPU
		{C321CECC-081E-41CC-A0AE-D64382172571}.Release|Any CPU.ActiveCfg = Release|Any CPU
		{C321CECC-081E-41CC-A0AE-D64382172571}.Release|Any CPU.Build.0 = Release|Any CPU
		{E4469E34-800B-4268-B63B-3C62A460E0B2}.Debug|Any CPU.ActiveCfg = Debug|Any CPU
		{E4469E34-800B-4268-B63B-3C62A460E0B2}.Debug|Any CPU.Build.0 = Debug|Any CPU
		{E4469E34-800B-4268-B63B-3C62A460E0B2}.Release|Any CPU.ActiveCfg = Release|Any CPU
		{E4469E34-800B-4268-B63B-3C62A460E0B2}.Release|Any CPU.Build.0 = Release|Any CPU
		{2C7C5217-516B-4FCD-9B9D-7A069D8460B3}.Debug|Any CPU.ActiveCfg = Debug|Any CPU
		{2C7C5217-516B-4FCD-9B9D-7A069D8460B3}.Debug|Any CPU.Build.0 = Debug|Any CPU
		{2C7C5217-516B-4FCD-9B9D-7A069D8460B3}.Release|Any CPU.ActiveCfg = Release|Any CPU
		{2C7C5217-516B-4FCD-9B9D-7A069D8460B3}.Release|Any CPU.Build.0 = Release|Any CPU
	EndGlobalSection
	GlobalSection(SolutionProperties) = preSolution
		HideSolutionNode = FALSE
	EndGlobalSection
	GlobalSection(ExtensibilityGlobals) = postSolution
		SolutionGuid = {AFA6DA6A-3230-451A-A5F0-A31DF18FA0C4}
	EndGlobalSection
EndGlobal
